// !$*UTF8*$!
{
	archiveVersion = 1;
	classes = {
	};
	objectVersion = 50;
	objects = {

/* Begin PBXBuildFile section */
		2D01A2372333496100A756E1 /* AppDelegate.swift in Sources */ = {isa = PBXBuildFile; fileRef = 2D01A2362333496100A756E1 /* AppDelegate.swift */; };
		2D01A2392333496100A756E1 /* ViewController.swift in Sources */ = {isa = PBXBuildFile; fileRef = 2D01A2382333496100A756E1 /* ViewController.swift */; };
		2D01A23C2333496100A756E1 /* Main.storyboard in Resources */ = {isa = PBXBuildFile; fileRef = 2D01A23A2333496100A756E1 /* Main.storyboard */; };
		2D01A23F2333496100A756E1 /* CollectionViewHeaderTest2.xcdatamodeld in Sources */ = {isa = PBXBuildFile; fileRef = 2D01A23D2333496100A756E1 /* CollectionViewHeaderTest2.xcdatamodeld */; };
		2D01A2412333496200A756E1 /* Assets.xcassets in Resources */ = {isa = PBXBuildFile; fileRef = 2D01A2402333496200A756E1 /* Assets.xcassets */; };
		2D01A2442333496200A756E1 /* LaunchScreen.storyboard in Resources */ = {isa = PBXBuildFile; fileRef = 2D01A2422333496200A756E1 /* LaunchScreen.storyboard */; };
		2D01A24C23334D0E00A756E1 /* CollectionViewFlowLayout.swift in Sources */ = {isa = PBXBuildFile; fileRef = 2D01A24B23334D0E00A756E1 /* CollectionViewFlowLayout.swift */; };
		2D01A24E233350E900A756E1 /* HostedCell.swift in Sources */ = {isa = PBXBuildFile; fileRef = 2D01A24D233350E900A756E1 /* HostedCell.swift */; };
		2D01A2502333530500A756E1 /* SubViewController.swift in Sources */ = {isa = PBXBuildFile; fileRef = 2D01A24F2333530500A756E1 /* SubViewController.swift */; };
		2D01A2522333562A00A756E1 /* HeaderView.swift in Sources */ = {isa = PBXBuildFile; fileRef = 2D01A2512333562A00A756E1 /* HeaderView.swift */; };
		2D01A25423335B0300A756E1 /* SubViewCell.swift in Sources */ = {isa = PBXBuildFile; fileRef = 2D01A25323335B0300A756E1 /* SubViewCell.swift */; };
/* End PBXBuildFile section */

/* Begin PBXFileReference section */
		2D01A2332333496100A756E1 /* CollectionViewHeaderTest2.app */ = {isa = PBXFileReference; explicitFileType = wrapper.application; includeInIndex = 0; path = CollectionViewHeaderTest2.app; sourceTree = BUILT_PRODUCTS_DIR; };
		2D01A2362333496100A756E1 /* AppDelegate.swift */ = {isa = PBXFileReference; lastKnownFileType = sourcecode.swift; path = AppDelegate.swift; sourceTree = "<group>"; };
		2D01A2382333496100A756E1 /* ViewController.swift */ = {isa = PBXFileReference; lastKnownFileType = sourcecode.swift; path = ViewController.swift; sourceTree = "<group>"; };
		2D01A23B2333496100A756E1 /* Base */ = {isa = PBXFileReference; lastKnownFileType = file.storyboard; name = Base; path = Base.lproj/Main.storyboard; sourceTree = "<group>"; };
		2D01A23E2333496100A756E1 /* CollectionViewHeaderTest2.xcdatamodel */ = {isa = PBXFileReference; lastKnownFileType = wrapper.xcdatamodel; path = CollectionViewHeaderTest2.xcdatamodel; sourceTree = "<group>"; };
		2D01A2402333496200A756E1 /* Assets.xcassets */ = {isa = PBXFileReference; lastKnownFileType = folder.assetcatalog; path = Assets.xcassets; sourceTree = "<group>"; };
		2D01A2432333496200A756E1 /* Base */ = {isa = PBXFileReference; lastKnownFileType = file.storyboard; name = Base; path = Base.lproj/LaunchScreen.storyboard; sourceTree = "<group>"; };
		2D01A2452333496200A756E1 /* Info.plist */ = {isa = PBXFileReference; lastKnownFileType = text.plist.xml; path = Info.plist; sourceTree = "<group>"; };
		2D01A24B23334D0E00A756E1 /* CollectionViewFlowLayout.swift */ = {isa = PBXFileReference; lastKnownFileType = sourcecode.swift; path = CollectionViewFlowLayout.swift; sourceTree = "<group>"; };
		2D01A24D233350E900A756E1 /* HostedCell.swift */ = {isa = PBXFileReference; lastKnownFileType = sourcecode.swift; path = HostedCell.swift; sourceTree = "<group>"; };
		2D01A24F2333530500A756E1 /* SubViewController.swift */ = {isa = PBXFileReference; lastKnownFileType = sourcecode.swift; path = SubViewController.swift; sourceTree = "<group>"; };
		2D01A2512333562A00A756E1 /* HeaderView.swift */ = {isa = PBXFileReference; lastKnownFileType = sourcecode.swift; path = HeaderView.swift; sourceTree = "<group>"; };
		2D01A25323335B0300A756E1 /* SubViewCell.swift */ = {isa = PBXFileReference; lastKnownFileType = sourcecode.swift; path = SubViewCell.swift; sourceTree = "<group>"; };
/* End PBXFileReference section */

/* Begin PBXFrameworksBuildPhase section */
		2D01A2302333496100A756E1 /* Frameworks */ = {
			isa = PBXFrameworksBuildPhase;
			buildActionMask = 2147483647;
			files = (
			);
			runOnlyForDeploymentPostprocessing = 0;
		};
/* End PBXFrameworksBuildPhase section */

/* Begin PBXGroup section */
		2D01A22A2333496000A756E1 = {
			isa = PBXGroup;
			children = (
				2D01A2352333496100A756E1 /* CollectionViewHeaderTest2 */,
				2D01A2342333496100A756E1 /* Products */,
			);
			sourceTree = "<group>";
		};
		2D01A2342333496100A756E1 /* Products */ = {
			isa = PBXGroup;
			children = (
				2D01A2332333496100A756E1 /* CollectionViewHeaderTest2.app */,
			);
			name = Products;
			sourceTree = "<group>";
		};
		2D01A2352333496100A756E1 /* CollectionViewHeaderTest2 */ = {
			isa = PBXGroup;
			children = (
				2D01A2362333496100A756E1 /* AppDelegate.swift */,
				2D01A2382333496100A756E1 /* ViewController.swift */,
				2D01A24D233350E900A756E1 /* HostedCell.swift */,
				2D01A2512333562A00A756E1 /* HeaderView.swift */,
				2D01A24B23334D0E00A756E1 /* CollectionViewFlowLayout.swift */,
				2D01A24F2333530500A756E1 /* SubViewController.swift */,
				2D01A25323335B0300A756E1 /* SubViewCell.swift */,
				2D01A23A2333496100A756E1 /* Main.storyboard */,
				2D01A2402333496200A756E1 /* Assets.xcassets */,
				2D01A2422333496200A756E1 /* LaunchScreen.storyboard */,
				2D01A2452333496200A756E1 /* Info.plist */,
				2D01A23D2333496100A756E1 /* CollectionViewHeaderTest2.xcdatamodeld */,
			);
			path = CollectionViewHeaderTest2;
			sourceTree = "<group>";
		};
/* End PBXGroup section */

/* Begin PBXNativeTarget section */
		2D01A2322333496100A756E1 /* CollectionViewHeaderTest2 */ = {
			isa = PBXNativeTarget;
			buildConfigurationList = 2D01A2482333496200A756E1 /* Build configuration list for PBXNativeTarget "CollectionViewHeaderTest2" */;
			buildPhases = (
				2D01A22F2333496100A756E1 /* Sources */,
				2D01A2302333496100A756E1 /* Frameworks */,
				2D01A2312333496100A756E1 /* Resources */,
			);
			buildRules = (
			);
			dependencies = (
			);
			name = CollectionViewHeaderTest2;
			productName = CollectionViewHeaderTest2;
			productReference = 2D01A2332333496100A756E1 /* CollectionViewHeaderTest2.app */;
			productType = "com.apple.product-type.application";
		};
/* End PBXNativeTarget section */

/* Begin PBXProject section */
		2D01A22B2333496000A756E1 /* Project object */ = {
			isa = PBXProject;
			attributes = {
				LastSwiftUpdateCheck = 1030;
				LastUpgradeCheck = 1030;
				ORGANIZATIONNAME = saera;
				TargetAttributes = {
					2D01A2322333496100A756E1 = {
						CreatedOnToolsVersion = 10.3;
					};
				};
			};
			buildConfigurationList = 2D01A22E2333496000A756E1 /* Build configuration list for PBXProject "CollectionViewHeaderTest2" */;
			compatibilityVersion = "Xcode 9.3";
			developmentRegion = en;
			hasScannedForEncodings = 0;
			knownRegions = (
				en,
				Base,
			);
			mainGroup = 2D01A22A2333496000A756E1;
			productRefGroup = 2D01A2342333496100A756E1 /* Products */;
			projectDirPath = "";
			projectRoot = "";
			targets = (
				2D01A2322333496100A756E1 /* CollectionViewHeaderTest2 */,
			);
		};
/* End PBXProject section */

/* Begin PBXResourcesBuildPhase section */
		2D01A2312333496100A756E1 /* Resources */ = {
			isa = PBXResourcesBuildPhase;
			buildActionMask = 2147483647;
			files = (
				2D01A2442333496200A756E1 /* LaunchScreen.storyboard in Resources */,
				2D01A2412333496200A756E1 /* Assets.xcassets in Resources */,
				2D01A23C2333496100A756E1 /* Main.storyboard in Resources */,
			);
			runOnlyForDeploymentPostprocessing = 0;
		};
/* End PBXResourcesBuildPhase section */

/* Begin PBXSourcesBuildPhase section */
		2D01A22F2333496100A756E1 /* Sources */ = {
			isa = PBXSourcesBuildPhase;
			buildActionMask = 2147483647;
			files = (
				2D01A2392333496100A756E1 /* ViewController.swift in Sources */,
				2D01A25423335B0300A756E1 /* SubViewCell.swift in Sources */,
				2D01A23F2333496100A756E1 /* CollectionViewHeaderTest2.xcdatamodeld in Sources */,
				2D01A24C23334D0E00A756E1 /* CollectionViewFlowLayout.swift in Sources */,
				2D01A2502333530500A756E1 /* SubViewController.swift in Sources */,
				2D01A24E233350E900A756E1 /* HostedCell.swift in Sources */,
				2D01A2372333496100A756E1 /* AppDelegate.swift in Sources */,
				2D01A2522333562A00A756E1 /* HeaderView.swift in Sources */,
			);
			runOnlyForDeploymentPostprocessing = 0;
		};
/* End PBXSourcesBuildPhase section */

/* Begin PBXVariantGroup section */
		2D01A23A2333496100A756E1 /* Main.storyboard */ = {
			isa = PBXVariantGroup;
			children = (
				2D01A23B2333496100A756E1 /* Base */,
			);
			name = Main.storyboard;
			sourceTree = "<group>";
		};
		2D01A2422333496200A756E1 /* LaunchScreen.storyboard */ = {
			isa = PBXVariantGroup;
			children = (
				2D01A2432333496200A756E1 /* Base */,
			);
			name = LaunchScreen.storyboard;
			sourceTree = "<group>";
		};
/* End PBXVariantGroup section */

/* Begin XCBuildConfiguration section */
		2D01A2462333496200A756E1 /* Debug */ = {
			isa = XCBuildConfiguration;
			buildSettings = {
				ALWAYS_SEARCH_USER_PATHS = NO;
				CLANG_ANALYZER_NONNULL = YES;
				CLANG_ANALYZER_NUMBER_OBJECT_CONVERSION = YES_AGGRESSIVE;
				CLANG_CXX_LANGUAGE_STANDARD = "gnu++14";
				CLANG_CXX_LIBRARY = "libc++";
				CLANG_ENABLE_MODULES = YES;
				CLANG_ENABLE_OBJC_ARC = YES;
				CLANG_ENABLE_OBJC_WEAK = YES;
				CLANG_WARN_BLOCK_CAPTURE_AUTORELEASING = YES;
				CLANG_WARN_BOOL_CONVERSION = YES;
				CLANG_WARN_COMMA = YES;
				CLANG_WARN_CONSTANT_CONVERSION = YES;
				CLANG_WARN_DEPRECATED_OBJC_IMPLEMENTATIONS = YES;
				CLANG_WARN_DIRECT_OBJC_ISA_USAGE = YES_ERROR;
				CLANG_WARN_DOCUMENTATION_COMMENTS = YES;
				CLANG_WARN_EMPTY_BODY = YES;
				CLANG_WARN_ENUM_CONVERSION = YES;
				CLANG_WARN_INFINITE_RECURSION = YES;
				CLANG_WARN_INT_CONVERSION = YES;
				CLANG_WARN_NON_LITERAL_NULL_CONVERSION = YES;
				CLANG_WARN_OBJC_IMPLICIT_RETAIN_SELF = YES;
				CLANG_WARN_OBJC_LITERAL_CONVERSION = YES;
				CLANG_WARN_OBJC_ROOT_CLASS = YES_ERROR;
				CLANG_WARN_RANGE_LOOP_ANALYSIS = YES;
				CLANG_WARN_STRICT_PROTOTYPES = YES;
				CLANG_WARN_SUSPICIOUS_MOVE = YES;
				CLANG_WARN_UNGUARDED_AVAILABILITY = YES_AGGRESSIVE;
				CLANG_WARN_UNREACHABLE_CODE = YES;
				CLANG_WARN__DUPLICATE_METHOD_MATCH = YES;
				CODE_SIGN_IDENTITY = "iPhone Developer";
				COPY_PHASE_STRIP = NO;
				DEBUG_INFORMATION_FORMAT = dwarf;
				ENABLE_STRICT_OBJC_MSGSEND = YES;
				ENABLE_TESTABILITY = YES;
				GCC_C_LANGUAGE_STANDARD = gnu11;
				GCC_DYNAMIC_NO_PIC = NO;
				GCC_NO_COMMON_BLOCKS = YES;
				GCC_OPTIMIZATION_LEVEL = 0;
				GCC_PREPROCESSOR_DEFINITIONS = (
					"DEBUG=1",
					"$(inherited)",
				);
				GCC_WARN_64_TO_32_BIT_CONVERSION = YES;
				GCC_WARN_ABOUT_RETURN_TYPE = YES_ERROR;
				GCC_WARN_UNDECLARED_SELECTOR = YES;
				GCC_WARN_UNINITIALIZED_AUTOS = YES_AGGRESSIVE;
				GCC_WARN_UNUSED_FUNCTION = YES;
				GCC_WARN_UNUSED_VARIABLE = YES;
				IPHONEOS_DEPLOYMENT_TARGET = 12.4;
				MTL_ENABLE_DEBUG_INFO = INCLUDE_SOURCE;
				MTL_FAST_MATH = YES;
				ONLY_ACTIVE_ARCH = YES;
				SDKROOT = iphoneos;
				SWIFT_ACTIVE_COMPILATION_CONDITIONS = DEBUG;
				SWIFT_OPTIMIZATION_LEVEL = "-Onone";
			};
			name = Debug;
		};
		2D01A2472333496200A756E1 /* Release */ = {
			isa = XCBuildConfiguration;
			buildSettings = {
				ALWAYS_SEARCH_USER_PATHS = NO;
				CLANG_ANALYZER_NONNULL = YES;
				CLANG_ANALYZER_NUMBER_OBJECT_CONVERSION = YES_AGGRESSIVE;
				CLANG_CXX_LANGUAGE_STANDARD = "gnu++14";
				CLANG_CXX_LIBRARY = "libc++";
				CLANG_ENABLE_MODULES = YES;
				CLANG_ENABLE_OBJC_ARC = YES;
				CLANG_ENABLE_OBJC_WEAK = YES;
				CLANG_WARN_BLOCK_CAPTURE_AUTORELEASING = YES;
				CLANG_WARN_BOOL_CONVERSION = YES;
				CLANG_WARN_COMMA = YES;
				CLANG_WARN_CONSTANT_CONVERSION = YES;
				CLANG_WARN_DEPRECATED_OBJC_IMPLEMENTATIONS = YES;
				CLANG_WARN_DIRECT_OBJC_ISA_USAGE = YES_ERROR;
				CLANG_WARN_DOCUMENTATION_COMMENTS = YES;
				CLANG_WARN_EMPTY_BODY = YES;
				CLANG_WARN_ENUM_CONVERSION = YES;
				CLANG_WARN_INFINITE_RECURSION = YES;
				CLANG_WARN_INT_CONVERSION = YES;
				CLANG_WARN_NON_LITERAL_NULL_CONVERSION = YES;
				CLANG_WARN_OBJC_IMPLICIT_RETAIN_SELF = YES;
				CLANG_WARN_OBJC_LITERAL_CONVERSION = YES;
				CLANG_WARN_OBJC_ROOT_CLASS = YES_ERROR;
				CLANG_WARN_RANGE_LOOP_ANALYSIS = YES;
				CLANG_WARN_STRICT_PROTOTYPES = YES;
				CLANG_WARN_SUSPICIOUS_MOVE = YES;
				CLANG_WARN_UNGUARDED_AVAILABILITY = YES_AGGRESSIVE;
				CLANG_WARN_UNREACHABLE_CODE = YES;
				CLANG_WARN__DUPLICATE_METHOD_MATCH = YES;
				CODE_SIGN_IDENTITY = "iPhone Developer";
				COPY_PHASE_STRIP = NO;
				DEBUG_INFORMATION_FORMAT = "dwarf-with-dsym";
				ENABLE_NS_ASSERTIONS = NO;
				ENABLE_STRICT_OBJC_MSGSEND = YES;
				GCC_C_LANGUAGE_STANDARD = gnu11;
				GCC_NO_COMMON_BLOCKS = YES;
				GCC_WARN_64_TO_32_BIT_CONVERSION = YES;
				GCC_WARN_ABOUT_RETURN_TYPE = YES_ERROR;
				GCC_WARN_UNDECLARED_SELECTOR = YES;
				GCC_WARN_UNINITIALIZED_AUTOS = YES_AGGRESSIVE;
				GCC_WARN_UNUSED_FUNCTION = YES;
				GCC_WARN_UNUSED_VARIABLE = YES;
				IPHONEOS_DEPLOYMENT_TARGET = 12.4;
				MTL_ENABLE_DEBUG_INFO = NO;
				MTL_FAST_MATH = YES;
				SDKROOT = iphoneos;
				SWIFT_COMPILATION_MODE = wholemodule;
				SWIFT_OPTIMIZATION_LEVEL = "-O";
				VALIDATE_PRODUCT = YES;
			};
			name = Release;
		};
		2D01A2492333496200A756E1 /* Debug */ = {
			isa = XCBuildConfiguration;
			buildSettings = {
				ASSETCATALOG_COMPILER_APPICON_NAME = AppIcon;
				CODE_SIGN_STYLE = Automatic;
				DEVELOPMENT_TEAM = E833V996FU;
				INFOPLIST_FILE = CollectionViewHeaderTest2/Info.plist;
				LD_RUNPATH_SEARCH_PATHS = (
					"$(inherited)",
					"@executable_path/Frameworks",
				);
				PRODUCT_BUNDLE_IDENTIFIER = com.saera.dev.CollectionViewHeaderTest2;
				PRODUCT_NAME = "$(TARGET_NAME)";
				SWIFT_VERSION = 5.0;
				TARGETED_DEVICE_FAMILY = "1,2";
			};
			name = Debug;
		};
		2D01A24A2333496200A756E1 /* Release */ = {
			isa = XCBuildConfiguration;
			buildSettings = {
				ASSETCATALOG_COMPILER_APPICON_NAME = AppIcon;
				CODE_SIGN_STYLE = Automatic;
				DEVELOPMENT_TEAM = E833V996FU;
				INFOPLIST_FILE = CollectionViewHeaderTest2/Info.plist;
				LD_RUNPATH_SEARCH_PATHS = (
					"$(inherited)",
					"@executable_path/Frameworks",
				);
				PRODUCT_BUNDLE_IDENTIFIER = com.saera.dev.CollectionViewHeaderTest2;
				PRODUCT_NAME = "$(TARGET_NAME)";
				SWIFT_VERSION = 5.0;
				TARGETED_DEVICE_FAMILY = "1,2";
			};
			name = Release;
		};
/* End XCBuildConfiguration section */

/* Begin XCConfigurationList section */
		2D01A22E2333496000A756E1 /* Build configuration list for PBXProject "CollectionViewHeaderTest2" */ = {
			isa = XCConfigurationList;
			buildConfigurations = (
				2D01A2462333496200A756E1 /* Debug */,
				2D01A2472333496200A756E1 /* Release */,
			);
			defaultConfigurationIsVisible = 0;
			defaultConfigurationName = Release;
		};
		2D01A2482333496200A756E1 /* Build configuration list for PBXNativeTarget "CollectionViewHeaderTest2" */ = {
			isa = XCConfigurationList;
			buildConfigurations = (
				2D01A2492333496200A756E1 /* Debug */,
				2D01A24A2333496200A756E1 /* Release */,
			);
			defaultConfigurationIsVisible = 0;
			defaultConfigurationName = Release;
		};
/* End XCConfigurationList section */

/* Begin XCVersionGroup section */
		2D01A23D2333496100A756E1 /* CollectionViewHeaderTest2.xcdatamodeld */ = {
			isa = XCVersionGroup;
			children = (
				2D01A23E2333496100A756E1 /* CollectionViewHeaderTest2.xcdatamodel */,
			);
			currentVersion = 2D01A23E2333496100A756E1 /* CollectionViewHeaderTest2.xcdatamodel */;
			path = CollectionViewHeaderTest2.xcdatamodeld;
			sourceTree = "<group>";
			versionGroupType = wrapper.xcdatamodel;
		};
/* End XCVersionGroup section */
	};
	rootObject = 2D01A22B2333496000A756E1 /* Project object */;
}
