// !$*UTF8*$!
{
	archiveVersion = 1;
	classes = {
	};
	objectVersion = 50;
	objects = {

/* Begin PBXBuildFile section */
		2D52BC292316268300115D10 /* AppDelegate.swift in Sources */ = {isa = PBXBuildFile; fileRef = 2D52BC282316268300115D10 /* AppDelegate.swift */; };
		2D52BC2B2316268300115D10 /* ViewController.swift in Sources */ = {isa = PBXBuildFile; fileRef = 2D52BC2A2316268300115D10 /* ViewController.swift */; };
		2D52BC2E2316268300115D10 /* Main.storyboard in Resources */ = {isa = PBXBuildFile; fileRef = 2D52BC2C2316268300115D10 /* Main.storyboard */; };
		2D52BC312316268300115D10 /* CollectionViewHeaderTest1.xcdatamodeld in Sources */ = {isa = PBXBuildFile; fileRef = 2D52BC2F2316268300115D10 /* CollectionViewHeaderTest1.xcdatamodeld */; };
		2D52BC332316268500115D10 /* Assets.xcassets in Resources */ = {isa = PBXBuildFile; fileRef = 2D52BC322316268500115D10 /* Assets.xcassets */; };
		2D52BC362316268500115D10 /* LaunchScreen.storyboard in Resources */ = {isa = PBXBuildFile; fileRef = 2D52BC342316268500115D10 /* LaunchScreen.storyboard */; };
		2D52BC3E231661C100115D10 /* CollectionViewCell.swift in Sources */ = {isa = PBXBuildFile; fileRef = 2D52BC3D231661C100115D10 /* CollectionViewCell.swift */; };
		2D52BC402316682800115D10 /* CollectionViewHEader.swift in Sources */ = {isa = PBXBuildFile; fileRef = 2D52BC3F2316682800115D10 /* CollectionViewHEader.swift */; };
		2D52BC4323166D6400115D10 /* CollectionFlowLayout.swift in Sources */ = {isa = PBXBuildFile; fileRef = 2D52BC4223166D6400115D10 /* CollectionFlowLayout.swift */; };
/* End PBXBuildFile section */

/* Begin PBXFileReference section */
		2D52BC252316268300115D10 /* CollectionViewHeaderTest1.app */ = {isa = PBXFileReference; explicitFileType = wrapper.application; includeInIndex = 0; path = CollectionViewHeaderTest1.app; sourceTree = BUILT_PRODUCTS_DIR; };
		2D52BC282316268300115D10 /* AppDelegate.swift */ = {isa = PBXFileReference; lastKnownFileType = sourcecode.swift; path = AppDelegate.swift; sourceTree = "<group>"; };
		2D52BC2A2316268300115D10 /* ViewController.swift */ = {isa = PBXFileReference; lastKnownFileType = sourcecode.swift; path = ViewController.swift; sourceTree = "<group>"; };
		2D52BC2D2316268300115D10 /* Base */ = {isa = PBXFileReference; lastKnownFileType = file.storyboard; name = Base; path = Base.lproj/Main.storyboard; sourceTree = "<group>"; };
		2D52BC302316268300115D10 /* CollectionViewHeaderTest1.xcdatamodel */ = {isa = PBXFileReference; lastKnownFileType = wrapper.xcdatamodel; path = CollectionViewHeaderTest1.xcdatamodel; sourceTree = "<group>"; };
		2D52BC322316268500115D10 /* Assets.xcassets */ = {isa = PBXFileReference; lastKnownFileType = folder.assetcatalog; path = Assets.xcassets; sourceTree = "<group>"; };
		2D52BC352316268500115D10 /* Base */ = {isa = PBXFileReference; lastKnownFileType = file.storyboard; name = Base; path = Base.lproj/LaunchScreen.storyboard; sourceTree = "<group>"; };
		2D52BC372316268500115D10 /* Info.plist */ = {isa = PBXFileReference; lastKnownFileType = text.plist.xml; path = Info.plist; sourceTree = "<group>"; };
		2D52BC3D231661C100115D10 /* CollectionViewCell.swift */ = {isa = PBXFileReference; lastKnownFileType = sourcecode.swift; path = CollectionViewCell.swift; sourceTree = "<group>"; };
		2D52BC3F2316682800115D10 /* CollectionViewHEader.swift */ = {isa = PBXFileReference; lastKnownFileType = sourcecode.swift; path = CollectionViewHEader.swift; sourceTree = "<group>"; };
		2D52BC4223166D6400115D10 /* CollectionFlowLayout.swift */ = {isa = PBXFileReference; lastKnownFileType = sourcecode.swift; path = CollectionFlowLayout.swift; sourceTree = "<group>"; };
/* End PBXFileReference section */

/* Begin PBXFrameworksBuildPhase section */
		2D52BC222316268300115D10 /* Frameworks */ = {
			isa = PBXFrameworksBuildPhase;
			buildActionMask = 2147483647;
			files = (
			);
			runOnlyForDeploymentPostprocessing = 0;
		};
/* End PBXFrameworksBuildPhase section */

/* Begin PBXGroup section */
		2D52BC1C2316268300115D10 = {
			isa = PBXGroup;
			children = (
				2D52BC272316268300115D10 /* CollectionViewHeaderTest1 */,
				2D52BC262316268300115D10 /* Products */,
			);
			sourceTree = "<group>";
		};
		2D52BC262316268300115D10 /* Products */ = {
			isa = PBXGroup;
			children = (
				2D52BC252316268300115D10 /* CollectionViewHeaderTest1.app */,
			);
			name = Products;
			sourceTree = "<group>";
		};
		2D52BC272316268300115D10 /* CollectionViewHeaderTest1 */ = {
			isa = PBXGroup;
			children = (
				2D52BC4123166C6C00115D10 /* headerFixed */,
				2D52BC282316268300115D10 /* AppDelegate.swift */,
				2D52BC2A2316268300115D10 /* ViewController.swift */,
				2D52BC3D231661C100115D10 /* CollectionViewCell.swift */,
				2D52BC3F2316682800115D10 /* CollectionViewHEader.swift */,
				2D52BC2C2316268300115D10 /* Main.storyboard */,
				2D52BC322316268500115D10 /* Assets.xcassets */,
				2D52BC342316268500115D10 /* LaunchScreen.storyboard */,
				2D52BC372316268500115D10 /* Info.plist */,
				2D52BC2F2316268300115D10 /* CollectionViewHeaderTest1.xcdatamodeld */,
			);
			path = CollectionViewHeaderTest1;
			sourceTree = "<group>";
		};
		2D52BC4123166C6C00115D10 /* headerFixed */ = {
			isa = PBXGroup;
			children = (
				2D52BC4223166D6400115D10 /* CollectionFlowLayout.swift */,
			);
			path = headerFixed;
			sourceTree = "<group>";
		};
/* End PBXGroup section */

/* Begin PBXNativeTarget section */
		2D52BC242316268300115D10 /* CollectionViewHeaderTest1 */ = {
			isa = PBXNativeTarget;
			buildConfigurationList = 2D52BC3A2316268500115D10 /* Build configuration list for PBXNativeTarget "CollectionViewHeaderTest1" */;
			buildPhases = (
				2D52BC212316268300115D10 /* Sources */,
				2D52BC222316268300115D10 /* Frameworks */,
				2D52BC232316268300115D10 /* Resources */,
			);
			buildRules = (
			);
			dependencies = (
			);
			name = CollectionViewHeaderTest1;
			productName = CollectionViewHeaderTest1;
			productReference = 2D52BC252316268300115D10 /* CollectionViewHeaderTest1.app */;
			productType = "com.apple.product-type.application";
		};
/* End PBXNativeTarget section */

/* Begin PBXProject section */
		2D52BC1D2316268300115D10 /* Project object */ = {
			isa = PBXProject;
			attributes = {
				LastSwiftUpdateCheck = 1030;
				LastUpgradeCheck = 1030;
				ORGANIZATIONNAME = saera;
				TargetAttributes = {
					2D52BC242316268300115D10 = {
						CreatedOnToolsVersion = 10.3;
					};
				};
			};
			buildConfigurationList = 2D52BC202316268300115D10 /* Build configuration list for PBXProject "CollectionViewHeaderTest1" */;
			compatibilityVersion = "Xcode 9.3";
			developmentRegion = en;
			hasScannedForEncodings = 0;
			knownRegions = (
				en,
				Base,
			);
			mainGroup = 2D52BC1C2316268300115D10;
			productRefGroup = 2D52BC262316268300115D10 /* Products */;
			projectDirPath = "";
			projectRoot = "";
			targets = (
				2D52BC242316268300115D10 /* CollectionViewHeaderTest1 */,
			);
		};
/* End PBXProject section */

/* Begin PBXResourcesBuildPhase section */
		2D52BC232316268300115D10 /* Resources */ = {
			isa = PBXResourcesBuildPhase;
			buildActionMask = 2147483647;
			files = (
				2D52BC362316268500115D10 /* LaunchScreen.storyboard in Resources */,
				2D52BC332316268500115D10 /* Assets.xcassets in Resources */,
				2D52BC2E2316268300115D10 /* Main.storyboard in Resources */,
			);
			runOnlyForDeploymentPostprocessing = 0;
		};
/* End PBXResourcesBuildPhase section */

/* Begin PBXSourcesBuildPhase section */
		2D52BC212316268300115D10 /* Sources */ = {
			isa = PBXSourcesBuildPhase;
			buildActionMask = 2147483647;
			files = (
				2D52BC2B2316268300115D10 /* ViewController.swift in Sources */,
				2D52BC402316682800115D10 /* CollectionViewHEader.swift in Sources */,
				2D52BC312316268300115D10 /* CollectionViewHeaderTest1.xcdatamodeld in Sources */,
				2D52BC4323166D6400115D10 /* CollectionFlowLayout.swift in Sources */,
				2D52BC3E231661C100115D10 /* CollectionViewCell.swift in Sources */,
				2D52BC292316268300115D10 /* AppDelegate.swift in Sources */,
			);
			runOnlyForDeploymentPostprocessing = 0;
		};
/* End PBXSourcesBuildPhase section */

/* Begin PBXVariantGroup section */
		2D52BC2C2316268300115D10 /* Main.storyboard */ = {
			isa = PBXVariantGroup;
			children = (
				2D52BC2D2316268300115D10 /* Base */,
			);
			name = Main.storyboard;
			sourceTree = "<group>";
		};
		2D52BC342316268500115D10 /* LaunchScreen.storyboard */ = {
			isa = PBXVariantGroup;
			children = (
				2D52BC352316268500115D10 /* Base */,
			);
			name = LaunchScreen.storyboard;
			sourceTree = "<group>";
		};
/* End PBXVariantGroup section */

/* Begin XCBuildConfiguration section */
		2D52BC382316268500115D10 /* Debug */ = {
			isa = XCBuildConfiguration;
			buildSettings = {
				ALWAYS_SEARCH_USER_PATHS = NO;
				CLANG_ANALYZER_NONNULL = YES;
				CLANG_ANALYZER_NUMBER_OBJECT_CONVERSION = YES_AGGRESSIVE;
				CLANG_CXX_LANGUAGE_STANDARD = "gnu++14";
				CLANG_CXX_LIBRARY = "libc++";
				CLANG_ENABLE_MODULES = YES;
				CLANG_ENABLE_OBJC_ARC = YES;
				CLANG_ENABLE_OBJC_WEAK = YES;
				CLANG_WARN_BLOCK_CAPTURE_AUTORELEASING = YES;
				CLANG_WARN_BOOL_CONVERSION = YES;
				CLANG_WARN_COMMA = YES;
				CLANG_WARN_CONSTANT_CONVERSION = YES;
				CLANG_WARN_DEPRECATED_OBJC_IMPLEMENTATIONS = YES;
				CLANG_WARN_DIRECT_OBJC_ISA_USAGE = YES_ERROR;
				CLANG_WARN_DOCUMENTATION_COMMENTS = YES;
				CLANG_WARN_EMPTY_BODY = YES;
				CLANG_WARN_ENUM_CONVERSION = YES;
				CLANG_WARN_INFINITE_RECURSION = YES;
				CLANG_WARN_INT_CONVERSION = YES;
				CLANG_WARN_NON_LITERAL_NULL_CONVERSION = YES;
				CLANG_WARN_OBJC_IMPLICIT_RETAIN_SELF = YES;
				CLANG_WARN_OBJC_LITERAL_CONVERSION = YES;
				CLANG_WARN_OBJC_ROOT_CLASS = YES_ERROR;
				CLANG_WARN_RANGE_LOOP_ANALYSIS = YES;
				CLANG_WARN_STRICT_PROTOTYPES = YES;
				CLANG_WARN_SUSPICIOUS_MOVE = YES;
				CLANG_WARN_UNGUARDED_AVAILABILITY = YES_AGGRESSIVE;
				CLANG_WARN_UNREACHABLE_CODE = YES;
				CLANG_WARN__DUPLICATE_METHOD_MATCH = YES;
				CODE_SIGN_IDENTITY = "iPhone Developer";
				COPY_PHASE_STRIP = NO;
				DEBUG_INFORMATION_FORMAT = dwarf;
				ENABLE_STRICT_OBJC_MSGSEND = YES;
				ENABLE_TESTABILITY = YES;
				GCC_C_LANGUAGE_STANDARD = gnu11;
				GCC_DYNAMIC_NO_PIC = NO;
				GCC_NO_COMMON_BLOCKS = YES;
				GCC_OPTIMIZATION_LEVEL = 0;
				GCC_PREPROCESSOR_DEFINITIONS = (
					"DEBUG=1",
					"$(inherited)",
				);
				GCC_WARN_64_TO_32_BIT_CONVERSION = YES;
				GCC_WARN_ABOUT_RETURN_TYPE = YES_ERROR;
				GCC_WARN_UNDECLARED_SELECTOR = YES;
				GCC_WARN_UNINITIALIZED_AUTOS = YES_AGGRESSIVE;
				GCC_WARN_UNUSED_FUNCTION = YES;
				GCC_WARN_UNUSED_VARIABLE = YES;
				IPHONEOS_DEPLOYMENT_TARGET = 12.4;
				MTL_ENABLE_DEBUG_INFO = INCLUDE_SOURCE;
				MTL_FAST_MATH = YES;
				ONLY_ACTIVE_ARCH = YES;
				SDKROOT = iphoneos;
				SWIFT_ACTIVE_COMPILATION_CONDITIONS = DEBUG;
				SWIFT_OPTIMIZATION_LEVEL = "-Onone";
			};
			name = Debug;
		};
		2D52BC392316268500115D10 /* Release */ = {
			isa = XCBuildConfiguration;
			buildSettings = {
				ALWAYS_SEARCH_USER_PATHS = NO;
				CLANG_ANALYZER_NONNULL = YES;
				CLANG_ANALYZER_NUMBER_OBJECT_CONVERSION = YES_AGGRESSIVE;
				CLANG_CXX_LANGUAGE_STANDARD = "gnu++14";
				CLANG_CXX_LIBRARY = "libc++";
				CLANG_ENABLE_MODULES = YES;
				CLANG_ENABLE_OBJC_ARC = YES;
				CLANG_ENABLE_OBJC_WEAK = YES;
				CLANG_WARN_BLOCK_CAPTURE_AUTORELEASING = YES;
				CLANG_WARN_BOOL_CONVERSION = YES;
				CLANG_WARN_COMMA = YES;
				CLANG_WARN_CONSTANT_CONVERSION = YES;
				CLANG_WARN_DEPRECATED_OBJC_IMPLEMENTATIONS = YES;
				CLANG_WARN_DIRECT_OBJC_ISA_USAGE = YES_ERROR;
				CLANG_WARN_DOCUMENTATION_COMMENTS = YES;
				CLANG_WARN_EMPTY_BODY = YES;
				CLANG_WARN_ENUM_CONVERSION = YES;
				CLANG_WARN_INFINITE_RECURSION = YES;
				CLANG_WARN_INT_CONVERSION = YES;
				CLANG_WARN_NON_LITERAL_NULL_CONVERSION = YES;
				CLANG_WARN_OBJC_IMPLICIT_RETAIN_SELF = YES;
				CLANG_WARN_OBJC_LITERAL_CONVERSION = YES;
				CLANG_WARN_OBJC_ROOT_CLASS = YES_ERROR;
				CLANG_WARN_RANGE_LOOP_ANALYSIS = YES;
				CLANG_WARN_STRICT_PROTOTYPES = YES;
				CLANG_WARN_SUSPICIOUS_MOVE = YES;
				CLANG_WARN_UNGUARDED_AVAILABILITY = YES_AGGRESSIVE;
				CLANG_WARN_UNREACHABLE_CODE = YES;
				CLANG_WARN__DUPLICATE_METHOD_MATCH = YES;
				CODE_SIGN_IDENTITY = "iPhone Developer";
				COPY_PHASE_STRIP = NO;
				DEBUG_INFORMATION_FORMAT = "dwarf-with-dsym";
				ENABLE_NS_ASSERTIONS = NO;
				ENABLE_STRICT_OBJC_MSGSEND = YES;
				GCC_C_LANGUAGE_STANDARD = gnu11;
				GCC_NO_COMMON_BLOCKS = YES;
				GCC_WARN_64_TO_32_BIT_CONVERSION = YES;
				GCC_WARN_ABOUT_RETURN_TYPE = YES_ERROR;
				GCC_WARN_UNDECLARED_SELECTOR = YES;
				GCC_WARN_UNINITIALIZED_AUTOS = YES_AGGRESSIVE;
				GCC_WARN_UNUSED_FUNCTION = YES;
				GCC_WARN_UNUSED_VARIABLE = YES;
				IPHONEOS_DEPLOYMENT_TARGET = 12.4;
				MTL_ENABLE_DEBUG_INFO = NO;
				MTL_FAST_MATH = YES;
				SDKROOT = iphoneos;
				SWIFT_COMPILATION_MODE = wholemodule;
				SWIFT_OPTIMIZATION_LEVEL = "-O";
				VALIDATE_PRODUCT = YES;
			};
			name = Release;
		};
		2D52BC3B2316268500115D10 /* Debug */ = {
			isa = XCBuildConfiguration;
			buildSettings = {
				ASSETCATALOG_COMPILER_APPICON_NAME = AppIcon;
				CODE_SIGN_STYLE = Automatic;
				DEVELOPMENT_TEAM = E833V996FU;
				INFOPLIST_FILE = CollectionViewHeaderTest1/Info.plist;
				LD_RUNPATH_SEARCH_PATHS = (
					"$(inherited)",
					"@executable_path/Frameworks",
				);
				PRODUCT_BUNDLE_IDENTIFIER = com.saera.dev.CollectionViewHeaderTest1;
				PRODUCT_NAME = "$(TARGET_NAME)";
				SWIFT_VERSION = 5.0;
				TARGETED_DEVICE_FAMILY = "1,2";
			};
			name = Debug;
		};
		2D52BC3C2316268500115D10 /* Release */ = {
			isa = XCBuildConfiguration;
			buildSettings = {
				ASSETCATALOG_COMPILER_APPICON_NAME = AppIcon;
				CODE_SIGN_STYLE = Automatic;
				DEVELOPMENT_TEAM = E833V996FU;
				INFOPLIST_FILE = CollectionViewHeaderTest1/Info.plist;
				LD_RUNPATH_SEARCH_PATHS = (
					"$(inherited)",
					"@executable_path/Frameworks",
				);
				PRODUCT_BUNDLE_IDENTIFIER = com.saera.dev.CollectionViewHeaderTest1;
				PRODUCT_NAME = "$(TARGET_NAME)";
				SWIFT_VERSION = 5.0;
				TARGETED_DEVICE_FAMILY = "1,2";
			};
			name = Release;
		};
/* End XCBuildConfiguration section */

/* Begin XCConfigurationList section */
		2D52BC202316268300115D10 /* Build configuration list for PBXProject "CollectionViewHeaderTest1" */ = {
			isa = XCConfigurationList;
			buildConfigurations = (
				2D52BC382316268500115D10 /* Debug */,
				2D52BC392316268500115D10 /* Release */,
			);
			defaultConfigurationIsVisible = 0;
			defaultConfigurationName = Release;
		};
		2D52BC3A2316268500115D10 /* Build configuration list for PBXNativeTarget "CollectionViewHeaderTest1" */ = {
			isa = XCConfigurationList;
			buildConfigurations = (
				2D52BC3B2316268500115D10 /* Debug */,
				2D52BC3C2316268500115D10 /* Release */,
			);
			defaultConfigurationIsVisible = 0;
			defaultConfigurationName = Release;
		};
/* End XCConfigurationList section */

/* Begin XCVersionGroup section */
		2D52BC2F2316268300115D10 /* CollectionViewHeaderTest1.xcdatamodeld */ = {
			isa = XCVersionGroup;
			children = (
				2D52BC302316268300115D10 /* CollectionViewHeaderTest1.xcdatamodel */,
			);
			currentVersion = 2D52BC302316268300115D10 /* CollectionViewHeaderTest1.xcdatamodel */;
			path = CollectionViewHeaderTest1.xcdatamodeld;
			sourceTree = "<group>";
			versionGroupType = wrapper.xcdatamodel;
		};
/* End XCVersionGroup section */
	};
	rootObject = 2D52BC1D2316268300115D10 /* Project object */;
}
